<?xml version="1.0" encoding="utf-8"?>
<Project ToolsVersion="4.0" xmlns="http://schemas.microsoft.com/developer/msbuild/2003">
  <ItemGroup>
    <Filter Include="Source Files">
      <UniqueIdentifier>{974a5d41-79af-4a57-a2ee-15f547a1e251}</UniqueIdentifier>
      <Extensions>cpp;c;cxx;rc;def;r;odl;idl;hpj;bat</Extensions>
    </Filter>
    <Filter Include="Header Files">
      <UniqueIdentifier>{2c989b98-f084-460f-bf60-02e429881ca9}</UniqueIdentifier>
      <Extensions>h;hpp;hxx;hm;inl</Extensions>
    </Filter>
  </ItemGroup>
  <ItemGroup>
    <ClCompile Include="..\..\code\game\bg_lib.c">
      <Filter>Source Files</Filter>
    </ClCompile>
    <ClCompile Include="..\..\code\game\bg_misc.c">
      <Filter>Source Files</Filter>
    </ClCompile>
    <ClCompile Include="..\..\code\qcommon\q_math.cc">
      <Filter>Source Files</Filter>
    </ClCompile>
    <ClCompile Include="..\..\code\qcommon\q_shared.cc">
      <Filter>Source Files</Filter>
    </ClCompile>
    <ClCompile Include="..\..\code\ui\ui_atoms.c">
      <Filter>Source Files</Filter>
    </ClCompile>
    <ClCompile Include="..\..\code\ui\ui_gameinfo.c">
      <Filter>Source Files</Filter>
    </ClCompile>
    <ClCompile Include="..\..\code\ui\ui_main.c">
      <Filter>Source Files</Filter>
    </ClCompile>
    <ClCompile Include="..\..\code\ui\ui_players.c">
      <Filter>Source Files</Filter>
    </ClCompile>
    <ClCompile Include="..\..\code\ui\ui_shared.c">
      <Filter>Source Files</Filter>
    </ClCompile>
    <ClCompile Include="..\..\code\ui\ui_syscalls.c">
      <Filter>Source Files</Filter>
    </ClCompile>
    <ClCompile Include="..\..\code\ui\ui_xppm.c">
      <Filter>Source Files</Filter>
    </ClCompile>
  </ItemGroup>
  <ItemGroup>
    <None Include="..\..\code\ui\ui.def">
      <Filter>Source Files</Filter>
    </None>
  </ItemGroup>
  <ItemGroup>
    <ClInclude Include="..\..\code\game\bg_public.h">
      <Filter>Header Files</Filter>
    </ClInclude>
    <ClInclude Include="..\..\ui\menudef.h">
      <Filter>Header Files</Filter>
    </ClInclude>
    <ClInclude Include="..\..\code\ui\ui_local.h">
      <Filter>Header Files</Filter>
    </ClInclude>
    <ClInclude Include="..\..\code\ui\ui_public.h">
      <Filter>Header Files</Filter>
    </ClInclude>
    <ClInclude Include="..\..\code\ui\ui_shared.h">
      <Filter>Header Files</Filter>
    </ClInclude>
  </ItemGroup>
</Project>